
Microsoft Visual Studio Solution File, Format Version 12.00
# Visual Studio 15
VisualStudioVersion = 15.0.28010.2036
MinimumVisualStudioVersion = 10.0.40219.1
Project("{FAE04EC0-301F-11D3-BF4B-00C04F79EFBC}") = "CarpentryShop.Core", "Carpentry.Core\CarpentryShop.Core.csproj", "{17055A75-A34B-4954-969D-1CB44CBFFC0E}"
EndProject
Project("{FAE04EC0-301F-11D3-BF4B-00C04F79EFBC}") = "CarpentryShop.Services", "Carpentry.Services\CarpentryShop.Services.csproj", "{C5DBA82F-B708-4B7B-A519-5E44284D1C20}"
EndProject
Project("{FAE04EC0-301F-11D3-BF4B-00C04F79EFBC}") = "CarpentryShop.DataAccess.SQL", "CarpentryShop.DataAccess.SQL\CarpentryShop.DataAccess.SQL.csproj", "{BEBFD246-8DBD-47EA-A533-7E754552EF80}"
EndProject
Project("{FAE04EC0-301F-11D3-BF4B-00C04F79EFBC}") = "CarpentryShop.DataAccess.InMemory", "Carpentry.DataAccess.InMemory\CarpentryShop.DataAccess.InMemory.csproj", "{39360E1C-3507-40D7-9B2B-9DD58F66B1AF}"
EndProject
Project("{FAE04EC0-301F-11D3-BF4B-00C04F79EFBC}") = "CarpentryShop.WebUI", "CarpentryShop.WebUI\CarpentryShop.WebUI.csproj", "{DD6AF1EB-C200-4E12-B5B5-52EDED1192B7}"
EndProject
Project("{FAE04EC0-301F-11D3-BF4B-00C04F79EFBC}") = "CarpentryShop.WebUI.Tests", "CarpentryShop.WebUI.Tests\CarpentryShop.WebUI.Tests.csproj", "{EECE7AB4-18F3-4FEF-8BBD-EC3FEF3268C4}"
EndProject
Global
	GlobalSection(SolutionConfigurationPlatforms) = preSolution
		Debug|Any CPU = Debug|Any CPU
		Release|Any CPU = Release|Any CPU
	EndGlobalSection
	GlobalSection(ProjectConfigurationPlatforms) = postSolution
		{17055A75-A34B-4954-969D-1CB44CBFFC0E}.Debug|Any CPU.ActiveCfg = Debug|Any CPU
		{17055A75-A34B-4954-969D-1CB44CBFFC0E}.Debug|Any CPU.Build.0 = Debug|Any CPU
		{17055A75-A34B-4954-969D-1CB44CBFFC0E}.Release|Any CPU.ActiveCfg = Release|Any CPU
		{17055A75-A34B-4954-969D-1CB44CBFFC0E}.Release|Any CPU.Build.0 = Release|Any CPU
		{C5DBA82F-B708-4B7B-A519-5E44284D1C20}.Debug|Any CPU.ActiveCfg = Debug|Any CPU
		{C5DBA82F-B708-4B7B-A519-5E44284D1C20}.Debug|Any CPU.Build.0 = Debug|Any CPU
		{C5DBA82F-B708-4B7B-A519-5E44284D1C20}.Release|Any CPU.ActiveCfg = Release|Any CPU
		{C5DBA82F-B708-4B7B-A519-5E44284D1C20}.Release|Any CPU.Build.0 = Release|Any CPU
		{BEBFD246-8DBD-47EA-A533-7E754552EF80}.Debug|Any CPU.ActiveCfg = Debug|Any CPU
		{BEBFD246-8DBD-47EA-A533-7E754552EF80}.Debug|Any CPU.Build.0 = Debug|Any CPU
		{BEBFD246-8DBD-47EA-A533-7E754552EF80}.Release|Any CPU.ActiveCfg = Release|Any CPU
		{BEBFD246-8DBD-47EA-A533-7E754552EF80}.Release|Any CPU.Build.0 = Release|Any CPU
		{39360E1C-3507-40D7-9B2B-9DD58F66B1AF}.Debug|Any CPU.ActiveCfg = Debug|Any CPU
		{39360E1C-3507-40D7-9B2B-9DD58F66B1AF}.Debug|Any CPU.Build.0 = Debug|Any CPU
		{39360E1C-3507-40D7-9B2B-9DD58F66B1AF}.Release|Any CPU.ActiveCfg = Release|Any CPU
		{39360E1C-3507-40D7-9B2B-9DD58F66B1AF}.Release|Any CPU.Build.0 = Release|Any CPU
		{DD6AF1EB-C200-4E12-B5B5-52EDED1192B7}.Debug|Any CPU.ActiveCfg = Debug|Any CPU
		{DD6AF1EB-C200-4E12-B5B5-52EDED1192B7}.Debug|Any CPU.Build.0 = Debug|Any CPU
		{DD6AF1EB-C200-4E12-B5B5-52EDED1192B7}.Release|Any CPU.ActiveCfg = Release|Any CPU
		{DD6AF1EB-C200-4E12-B5B5-52EDED1192B7}.Release|Any CPU.Build.0 = Release|Any CPU
		{EECE7AB4-18F3-4FEF-8BBD-EC3FEF3268C4}.Debug|Any CPU.ActiveCfg = Debug|Any CPU
		{EECE7AB4-18F3-4FEF-8BBD-EC3FEF3268C4}.Debug|Any CPU.Build.0 = Debug|Any CPU
		{EECE7AB4-18F3-4FEF-8BBD-EC3FEF3268C4}.Release|Any CPU.ActiveCfg = Release|Any CPU
		{EECE7AB4-18F3-4FEF-8BBD-EC3FEF3268C4}.Release|Any CPU.Build.0 = Release|Any CPU
	EndGlobalSection
	GlobalSection(SolutionProperties) = preSolution
		HideSolutionNode = FALSE
	EndGlobalSection
	GlobalSection(ExtensibilityGlobals) = postSolution
		SolutionGuid = {CD25FCE4-3227-4ACD-A4D8-5035C381C4B3}
	EndGlobalSection
EndGlobal
